
Microsoft Visual Studio Solution File, Format Version 12.00
# Visual Studio 15
VisualStudioVersion = 15.0.28307.329
MinimumVisualStudioVersion = 10.0.40219.1
Project("{F184B08F-C81C-45F6-A57F-5ABD9991F28F}") = "Decking Cost Calculator", "Decking Cost Calculator\Decking Cost Calculator.vbproj", "{E05BE7E4-6585-413A-8024-1943CAD78185}"
EndProject
Global
	GlobalSection(SolutionConfigurationPlatforms) = preSolution
		Debug|Any CPU = Debug|Any CPU
		Release|Any CPU = Release|Any CPU
	EndGlobalSection
	GlobalSection(ProjectConfigurationPlatforms) = postSolution
		{E05BE7E4-6585-413A-8024-1943CAD78185}.Debug|Any CPU.ActiveCfg = Debug|Any CPU
		{E05BE7E4-6585-413A-8024-1943CAD78185}.Debug|Any CPU.Build.0 = Debug|Any CPU
		{E05BE7E4-6585-413A-8024-1943CAD78185}.Release|Any CPU.ActiveCfg = Release|Any CPU
		{E05BE7E4-6585-413A-8024-1943CAD78185}.Release|Any CPU.Build.0 = Release|Any CPU
	EndGlobalSection
	GlobalSection(SolutionProperties) = preSolution
		HideSolutionNode = FALSE
	EndGlobalSection
	GlobalSection(ExtensibilityGlobals) = postSolution
		SolutionGuid = {701DA9D2-0DFC-4EC9-8B38-88DC6D6C3854}
	EndGlobalSection
EndGlobal
